
Microsoft Visual Studio Solution File, Format Version 12.00
# Visual Studio 2013
VisualStudioVersion = 12.0.30501.0
MinimumVisualStudioVersion = 10.0.40219.1
Project("{FAE04EC0-301F-11D3-BF4B-00C04F79EFBC}") = "ikeepfit.web", "ikeepfit.web\ikeepfit.web.csproj", "{285B9335-3B93-49C7-BACD-2DD3FF78135C}"
EndProject
Project("{FAE04EC0-301F-11D3-BF4B-00C04F79EFBC}") = "ikeepfit(user).web", "ikeepfit(user).web\ikeepfit(user).web.csproj", "{32F9CDD8-9471-4DD7-A1C9-0E36E9902D97}"
EndProject
Project("{FAE04EC0-301F-11D3-BF4B-00C04F79EFBC}") = "ikeepfit.Model", "ikeepfit.Model\ikeepfit.Model.csproj", "{3914370A-0514-4DCB-96E1-685A5C9E40C0}"
EndProject
Project("{FAE04EC0-301F-11D3-BF4B-00C04F79EFBC}") = "ikeepfit.IRepository", "ikeepfit.IRepository\ikeepfit.IRepository.csproj", "{EE740A18-46B5-4F13-90D6-6FCAF8592DF2}"
EndProject
Project("{2150E333-8FDC-42A3-9474-1A3956D46DE8}") = "01Core", "01Core", "{5C25E3D7-978C-4764-8267-A4D3345FBD9D}"
EndProject
Project("{2150E333-8FDC-42A3-9474-1A3956D46DE8}") = "02Services", "02Services", "{5D978A26-529E-4502-AA96-E689164C9697}"
EndProject
Project("{FAE04EC0-301F-11D3-BF4B-00C04F79EFBC}") = "ikeepfit.IServices", "ikeepfit.IServices\ikeepfit.IServices.csproj", "{6E836AEB-4176-4E31-A2F1-3C4F4E434D79}"
EndProject
Project("{FAE04EC0-301F-11D3-BF4B-00C04F79EFBC}") = "ikeepfit.Services", "ikeepfit.Services\ikeepfit.Services.csproj", "{D30EE25C-B719-497B-A0D5-A7E3F393A19B}"
EndProject
Project("{FAE04EC0-301F-11D3-BF4B-00C04F79EFBC}") = "ikeepfit.Repository", "ikeepfit.Repository\ikeepfit.Repository.csproj", "{A033E6B8-64CF-45A0-839E-AB26502CB96A}"
EndProject
Project("{2150E333-8FDC-42A3-9474-1A3956D46DE8}") = "03Common", "03Common", "{0D747FD3-F9D8-478C-9878-C0E0D5C98615}"
EndProject
Project("{FAE04EC0-301F-11D3-BF4B-00C04F79EFBC}") = "ikeepfit.Common", "ikeepfit.Common\ikeepfit.Common.csproj", "{89866013-781B-488C-BD52-C2BDC0A9B2CB}"
EndProject
Project("{2150E333-8FDC-42A3-9474-1A3956D46DE8}") = "04Model", "04Model", "{4E834F02-3419-45FB-BDA1-6C771F7F1CC9}"
EndProject
Project("{2150E333-8FDC-42A3-9474-1A3956D46DE8}") = "05UI", "05UI", "{3D86F7F7-7D80-4A1D-A1A9-67FBADA2F929}"
EndProject
Project("{FAE04EC0-301F-11D3-BF4B-00C04F79EFBC}") = "ikeepfit.WebCore1", "ikeepfit.WebCore\ikeepfit.WebCore1.csproj", "{28411BF2-CF7F-4A9C-9F06-D6E791B35CE9}"
EndProject
Global
	GlobalSection(SolutionConfigurationPlatforms) = preSolution
		Debug|Any CPU = Debug|Any CPU
		Release|Any CPU = Release|Any CPU
	EndGlobalSection
	GlobalSection(ProjectConfigurationPlatforms) = postSolution
		{285B9335-3B93-49C7-BACD-2DD3FF78135C}.Debug|Any CPU.ActiveCfg = Debug|Any CPU
		{285B9335-3B93-49C7-BACD-2DD3FF78135C}.Debug|Any CPU.Build.0 = Debug|Any CPU
		{285B9335-3B93-49C7-BACD-2DD3FF78135C}.Release|Any CPU.ActiveCfg = Release|Any CPU
		{285B9335-3B93-49C7-BACD-2DD3FF78135C}.Release|Any CPU.Build.0 = Release|Any CPU
		{32F9CDD8-9471-4DD7-A1C9-0E36E9902D97}.Debug|Any CPU.ActiveCfg = Debug|Any CPU
		{32F9CDD8-9471-4DD7-A1C9-0E36E9902D97}.Debug|Any CPU.Build.0 = Debug|Any CPU
		{32F9CDD8-9471-4DD7-A1C9-0E36E9902D97}.Release|Any CPU.ActiveCfg = Release|Any CPU
		{32F9CDD8-9471-4DD7-A1C9-0E36E9902D97}.Release|Any CPU.Build.0 = Release|Any CPU
		{3914370A-0514-4DCB-96E1-685A5C9E40C0}.Debug|Any CPU.ActiveCfg = Debug|Any CPU
		{3914370A-0514-4DCB-96E1-685A5C9E40C0}.Debug|Any CPU.Build.0 = Debug|Any CPU
		{3914370A-0514-4DCB-96E1-685A5C9E40C0}.Release|Any CPU.ActiveCfg = Release|Any CPU
		{3914370A-0514-4DCB-96E1-685A5C9E40C0}.Release|Any CPU.Build.0 = Release|Any CPU
		{EE740A18-46B5-4F13-90D6-6FCAF8592DF2}.Debug|Any CPU.ActiveCfg = Debug|Any CPU
		{EE740A18-46B5-4F13-90D6-6FCAF8592DF2}.Debug|Any CPU.Build.0 = Debug|Any CPU
		{EE740A18-46B5-4F13-90D6-6FCAF8592DF2}.Release|Any CPU.ActiveCfg = Release|Any CPU
		{EE740A18-46B5-4F13-90D6-6FCAF8592DF2}.Release|Any CPU.Build.0 = Release|Any CPU
		{6E836AEB-4176-4E31-A2F1-3C4F4E434D79}.Debug|Any CPU.ActiveCfg = Debug|Any CPU
		{6E836AEB-4176-4E31-A2F1-3C4F4E434D79}.Debug|Any CPU.Build.0 = Debug|Any CPU
		{6E836AEB-4176-4E31-A2F1-3C4F4E434D79}.Release|Any CPU.ActiveCfg = Release|Any CPU
		{6E836AEB-4176-4E31-A2F1-3C4F4E434D79}.Release|Any CPU.Build.0 = Release|Any CPU
		{D30EE25C-B719-497B-A0D5-A7E3F393A19B}.Debug|Any CPU.ActiveCfg = Debug|Any CPU
		{D30EE25C-B719-497B-A0D5-A7E3F393A19B}.Debug|Any CPU.Build.0 = Debug|Any CPU
		{D30EE25C-B719-497B-A0D5-A7E3F393A19B}.Release|Any CPU.ActiveCfg = Release|Any CPU
		{D30EE25C-B719-497B-A0D5-A7E3F393A19B}.Release|Any CPU.Build.0 = Release|Any CPU
		{A033E6B8-64CF-45A0-839E-AB26502CB96A}.Debug|Any CPU.ActiveCfg = Debug|Any CPU
		{A033E6B8-64CF-45A0-839E-AB26502CB96A}.Debug|Any CPU.Build.0 = Debug|Any CPU
		{A033E6B8-64CF-45A0-839E-AB26502CB96A}.Release|Any CPU.ActiveCfg = Release|Any CPU
		{A033E6B8-64CF-45A0-839E-AB26502CB96A}.Release|Any CPU.Build.0 = Release|Any CPU
		{89866013-781B-488C-BD52-C2BDC0A9B2CB}.Debug|Any CPU.ActiveCfg = Debug|Any CPU
		{89866013-781B-488C-BD52-C2BDC0A9B2CB}.Debug|Any CPU.Build.0 = Debug|Any CPU
		{89866013-781B-488C-BD52-C2BDC0A9B2CB}.Release|Any CPU.ActiveCfg = Release|Any CPU
		{89866013-781B-488C-BD52-C2BDC0A9B2CB}.Release|Any CPU.Build.0 = Release|Any CPU
		{28411BF2-CF7F-4A9C-9F06-D6E791B35CE9}.Debug|Any CPU.ActiveCfg = Debug|Any CPU
		{28411BF2-CF7F-4A9C-9F06-D6E791B35CE9}.Debug|Any CPU.Build.0 = Debug|Any CPU
		{28411BF2-CF7F-4A9C-9F06-D6E791B35CE9}.Release|Any CPU.ActiveCfg = Release|Any CPU
		{28411BF2-CF7F-4A9C-9F06-D6E791B35CE9}.Release|Any CPU.Build.0 = Release|Any CPU
	EndGlobalSection
	GlobalSection(SolutionProperties) = preSolution
		HideSolutionNode = FALSE
	EndGlobalSection
	GlobalSection(NestedProjects) = preSolution
		{285B9335-3B93-49C7-BACD-2DD3FF78135C} = {3D86F7F7-7D80-4A1D-A1A9-67FBADA2F929}
		{32F9CDD8-9471-4DD7-A1C9-0E36E9902D97} = {3D86F7F7-7D80-4A1D-A1A9-67FBADA2F929}
		{3914370A-0514-4DCB-96E1-685A5C9E40C0} = {4E834F02-3419-45FB-BDA1-6C771F7F1CC9}
		{EE740A18-46B5-4F13-90D6-6FCAF8592DF2} = {5C25E3D7-978C-4764-8267-A4D3345FBD9D}
		{6E836AEB-4176-4E31-A2F1-3C4F4E434D79} = {5D978A26-529E-4502-AA96-E689164C9697}
		{D30EE25C-B719-497B-A0D5-A7E3F393A19B} = {5D978A26-529E-4502-AA96-E689164C9697}
		{A033E6B8-64CF-45A0-839E-AB26502CB96A} = {5C25E3D7-978C-4764-8267-A4D3345FBD9D}
		{89866013-781B-488C-BD52-C2BDC0A9B2CB} = {0D747FD3-F9D8-478C-9878-C0E0D5C98615}
		{28411BF2-CF7F-4A9C-9F06-D6E791B35CE9} = {3D86F7F7-7D80-4A1D-A1A9-67FBADA2F929}
	EndGlobalSection
EndGlobal
