
Microsoft Visual Studio Solution File, Format Version 12.00
# Visual Studio 2013
VisualStudioVersion = 12.0.30501.0
MinimumVisualStudioVersion = 10.0.40219.1
Project("{FAE04EC0-301F-11D3-BF4B-00C04F79EFBC}") = "ikeepfit.web", "ikeepfit.web\ikeepfit.web.csproj", "{285B9335-3B93-49C7-BACD-2DD3FF78135C}"
EndProject
Project("{FAE04EC0-301F-11D3-BF4B-00C04F79EFBC}") = "ikeepfit.Model", "ikeepfit.Model\ikeepfit.Model.csproj", "{D23E2434-88FC-42AD-A41A-4E5C525B8BE9}"
EndProject
Project("{FAE04EC0-301F-11D3-BF4B-00C04F79EFBC}") = "ikeepfit.IDAL", "ikeepfit.IDAL\ikeepfit.IDAL.csproj", "{1DBE67FA-10F4-421D-AF5F-4DD2EF9E264F}"
EndProject
Project("{FAE04EC0-301F-11D3-BF4B-00C04F79EFBC}") = "ikeepfit.IBLL", "ikeepfit.IBLL\ikeepfit.IBLL.csproj", "{783C74B0-7DFA-4CC7-825C-6AC7AA26D11A}"
EndProject
Project("{FAE04EC0-301F-11D3-BF4B-00C04F79EFBC}") = "ikeepfit.DAL", "ikeepfit.DAL\ikeepfit.DAL.csproj", "{ECBFEFB1-C31D-4A5D-A7E2-81F954CD5C1D}"
EndProject
Project("{FAE04EC0-301F-11D3-BF4B-00C04F79EFBC}") = "ikeepfit.Core", "ikeepfit.Core\ikeepfit.Core.csproj", "{FBABA48E-5E92-4184-9D52-F23EAA35C67E}"
EndProject
Project("{FAE04EC0-301F-11D3-BF4B-00C04F79EFBC}") = "ikeepfit.Common", "ikeepfit.Common\ikeepfit.Common.csproj", "{CAD7E7C3-CA28-424D-9994-82C2A8B67453}"
EndProject
Project("{FAE04EC0-301F-11D3-BF4B-00C04F79EFBC}") = "ikeepfit.BLL", "ikeepfit.BLL\ikeepfit.BLL.csproj", "{2ACDEA58-72DE-4B80-A390-5FBB520A4D78}"
EndProject
Project("{FAE04EC0-301F-11D3-BF4B-00C04F79EFBC}") = "ikeepfit(user).web", "ikeepfit(user).web\ikeepfit(user).web.csproj", "{2BC5DFEB-E081-44DE-85CE-62FA95163103}"
EndProject
Global
	GlobalSection(SolutionConfigurationPlatforms) = preSolution
		Debug|Any CPU = Debug|Any CPU
		Release|Any CPU = Release|Any CPU
	EndGlobalSection
	GlobalSection(ProjectConfigurationPlatforms) = postSolution
		{285B9335-3B93-49C7-BACD-2DD3FF78135C}.Debug|Any CPU.ActiveCfg = Debug|Any CPU
		{285B9335-3B93-49C7-BACD-2DD3FF78135C}.Debug|Any CPU.Build.0 = Debug|Any CPU
		{285B9335-3B93-49C7-BACD-2DD3FF78135C}.Release|Any CPU.ActiveCfg = Release|Any CPU
		{285B9335-3B93-49C7-BACD-2DD3FF78135C}.Release|Any CPU.Build.0 = Release|Any CPU
		{D23E2434-88FC-42AD-A41A-4E5C525B8BE9}.Debug|Any CPU.ActiveCfg = Debug|Any CPU
		{D23E2434-88FC-42AD-A41A-4E5C525B8BE9}.Debug|Any CPU.Build.0 = Debug|Any CPU
		{D23E2434-88FC-42AD-A41A-4E5C525B8BE9}.Release|Any CPU.ActiveCfg = Release|Any CPU
		{D23E2434-88FC-42AD-A41A-4E5C525B8BE9}.Release|Any CPU.Build.0 = Release|Any CPU
		{1DBE67FA-10F4-421D-AF5F-4DD2EF9E264F}.Debug|Any CPU.ActiveCfg = Debug|Any CPU
		{1DBE67FA-10F4-421D-AF5F-4DD2EF9E264F}.Debug|Any CPU.Build.0 = Debug|Any CPU
		{1DBE67FA-10F4-421D-AF5F-4DD2EF9E264F}.Release|Any CPU.ActiveCfg = Release|Any CPU
		{1DBE67FA-10F4-421D-AF5F-4DD2EF9E264F}.Release|Any CPU.Build.0 = Release|Any CPU
		{783C74B0-7DFA-4CC7-825C-6AC7AA26D11A}.Debug|Any CPU.ActiveCfg = Debug|Any CPU
		{783C74B0-7DFA-4CC7-825C-6AC7AA26D11A}.Debug|Any CPU.Build.0 = Debug|Any CPU
		{783C74B0-7DFA-4CC7-825C-6AC7AA26D11A}.Release|Any CPU.ActiveCfg = Release|Any CPU
		{783C74B0-7DFA-4CC7-825C-6AC7AA26D11A}.Release|Any CPU.Build.0 = Release|Any CPU
		{ECBFEFB1-C31D-4A5D-A7E2-81F954CD5C1D}.Debug|Any CPU.ActiveCfg = Debug|Any CPU
		{ECBFEFB1-C31D-4A5D-A7E2-81F954CD5C1D}.Debug|Any CPU.Build.0 = Debug|Any CPU
		{ECBFEFB1-C31D-4A5D-A7E2-81F954CD5C1D}.Release|Any CPU.ActiveCfg = Release|Any CPU
		{ECBFEFB1-C31D-4A5D-A7E2-81F954CD5C1D}.Release|Any CPU.Build.0 = Release|Any CPU
		{FBABA48E-5E92-4184-9D52-F23EAA35C67E}.Debug|Any CPU.ActiveCfg = Debug|Any CPU
		{FBABA48E-5E92-4184-9D52-F23EAA35C67E}.Debug|Any CPU.Build.0 = Debug|Any CPU
		{FBABA48E-5E92-4184-9D52-F23EAA35C67E}.Release|Any CPU.ActiveCfg = Release|Any CPU
		{FBABA48E-5E92-4184-9D52-F23EAA35C67E}.Release|Any CPU.Build.0 = Release|Any CPU
		{CAD7E7C3-CA28-424D-9994-82C2A8B67453}.Debug|Any CPU.ActiveCfg = Debug|Any CPU
		{CAD7E7C3-CA28-424D-9994-82C2A8B67453}.Debug|Any CPU.Build.0 = Debug|Any CPU
		{CAD7E7C3-CA28-424D-9994-82C2A8B67453}.Release|Any CPU.ActiveCfg = Release|Any CPU
		{CAD7E7C3-CA28-424D-9994-82C2A8B67453}.Release|Any CPU.Build.0 = Release|Any CPU
		{2ACDEA58-72DE-4B80-A390-5FBB520A4D78}.Debug|Any CPU.ActiveCfg = Debug|Any CPU
		{2ACDEA58-72DE-4B80-A390-5FBB520A4D78}.Debug|Any CPU.Build.0 = Debug|Any CPU
		{2ACDEA58-72DE-4B80-A390-5FBB520A4D78}.Release|Any CPU.ActiveCfg = Release|Any CPU
		{2ACDEA58-72DE-4B80-A390-5FBB520A4D78}.Release|Any CPU.Build.0 = Release|Any CPU
		{2BC5DFEB-E081-44DE-85CE-62FA95163103}.Debug|Any CPU.ActiveCfg = Debug|Any CPU
		{2BC5DFEB-E081-44DE-85CE-62FA95163103}.Debug|Any CPU.Build.0 = Debug|Any CPU
		{2BC5DFEB-E081-44DE-85CE-62FA95163103}.Release|Any CPU.ActiveCfg = Release|Any CPU
		{2BC5DFEB-E081-44DE-85CE-62FA95163103}.Release|Any CPU.Build.0 = Release|Any CPU
	EndGlobalSection
	GlobalSection(SolutionProperties) = preSolution
		HideSolutionNode = FALSE
	EndGlobalSection
EndGlobal
